
Microsoft Visual Studio Solution File, Format Version 12.00
# Visual Studio Version 17
VisualStudioVersion = 17.3.32929.385
MinimumVisualStudioVersion = 10.0.40219.1
Project("{8BC9CEB8-8B4A-11D0-8D11-00A0C91BC942}") = "M5CamStreaming", "M5CamStreaming\M5CamStreaming.vcxproj", "{D9059865-54B5-4CE9-AD83-0B927E642DD1}"
EndProject
Global
	GlobalSection(SolutionConfigurationPlatforms) = preSolution
		Debug|x64 = Debug|x64
		Debug|x86 = Debug|x86
		Release|x64 = Release|x64
		Release|x86 = Release|x86
	EndGlobalSection
	GlobalSection(ProjectConfigurationPlatforms) = postSolution
		{D9059865-54B5-4CE9-AD83-0B927E642DD1}.Debug|x64.ActiveCfg = Debug|x64
		{D9059865-54B5-4CE9-AD83-0B927E642DD1}.Debug|x64.Build.0 = Debug|x64
		{D9059865-54B5-4CE9-AD83-0B927E642DD1}.Debug|x86.ActiveCfg = Debug|Win32
		{D9059865-54B5-4CE9-AD83-0B927E642DD1}.Debug|x86.Build.0 = Debug|Win32
		{D9059865-54B5-4CE9-AD83-0B927E642DD1}.Release|x64.ActiveCfg = Release|x64
		{D9059865-54B5-4CE9-AD83-0B927E642DD1}.Release|x64.Build.0 = Release|x64
		{D9059865-54B5-4CE9-AD83-0B927E642DD1}.Release|x86.ActiveCfg = Release|Win32
		{D9059865-54B5-4CE9-AD83-0B927E642DD1}.Release|x86.Build.0 = Release|Win32
	EndGlobalSection
	GlobalSection(SolutionProperties) = preSolution
		HideSolutionNode = FALSE
	EndGlobalSection
	GlobalSection(ExtensibilityGlobals) = postSolution
		SolutionGuid = {90AE029C-1F4C-4C01-BE60-B8F14B83DE33}
	EndGlobalSection
EndGlobal
